<?xml version="1.0" encoding="utf-8"?>
<Project ToolsVersion="4.0" xmlns="http://schemas.microsoft.com/developer/msbuild/2003">
  <ItemGroup>
    <Filter Include="include">
      <UniqueIdentifier>{8ce29b05-d209-402b-92f9-1896a850cbc7}</UniqueIdentifier>
    </Filter>
    <Filter Include="include\whi_imu">
      <UniqueIdentifier>{0d575750-e7ee-4a84-88f4-63df9cbe62e4}</UniqueIdentifier>
    </Filter>
    <Filter Include="src">
      <UniqueIdentifier>{bed680c3-3b92-469b-8345-a59a6bc8b376}</UniqueIdentifier>
    </Filter>
    <Filter Include="src\sdk">
      <UniqueIdentifier>{f6f22cb7-8e9b-42a7-856e-91fdd3d0b7d6}</UniqueIdentifier>
    </Filter>
  </ItemGroup>
  <ItemGroup>
    <ClCompile Include="src\whi_imu_node.cpp">
      <Filter>src</Filter>
    </ClCompile>
    <ClCompile Include="src\sdk\whi_imu.cpp">
      <Filter>src\sdk</Filter>
    </ClCompile>
    <ClCompile Include="src\sdk\imu_wit.cpp">
      <Filter>src\sdk</Filter>
    </ClCompile>
    <ClCompile Include="src\sdk\imu_base.cpp">
      <Filter>src\sdk</Filter>
    </ClCompile>
  </ItemGroup>
  <ItemGroup>
    <ClInclude Include="include\whi_imu\whi_imu.h">
      <Filter>include\whi_imu</Filter>
    </ClInclude>
    <ClInclude Include="include\whi_imu\imu_base.h">
      <Filter>include\whi_imu</Filter>
    </ClInclude>
    <ClInclude Include="include\whi_imu\imu_wit.h">
      <Filter>include\whi_imu</Filter>
    </ClInclude>
  </ItemGroup>
</Project>